
Microsoft Visual Studio Solution File, Format Version 12.00
# Visual Studio Version 16
VisualStudioVersion = 16.0.30114.105
MinimumVisualStudioVersion = 10.0.40219.1
Project("{9A19103F-16F7-4668-BE54-9A1E7A4F7556}") = "ForTheApplication", "ForTheApplication\ForTheApplication.csproj", "{1D4B4883-E93F-43D8-80C1-27704DE5176B}"
EndProject
Project("{FAE04EC0-301F-11D3-BF4B-00C04F79EFBC}") = "ForTheApplicationTests", "ForTheApplicationTests\ForTheApplicationTests.csproj", "{548690B4-341E-43F8-B65B-E45D49F934AD}"
EndProject
Global
	GlobalSection(SolutionConfigurationPlatforms) = preSolution
		Debug|Any CPU = Debug|Any CPU
		Release|Any CPU = Release|Any CPU
	EndGlobalSection
	GlobalSection(ProjectConfigurationPlatforms) = postSolution
		{1D4B4883-E93F-43D8-80C1-27704DE5176B}.Debug|Any CPU.ActiveCfg = Debug|Any CPU
		{1D4B4883-E93F-43D8-80C1-27704DE5176B}.Debug|Any CPU.Build.0 = Debug|Any CPU
		{1D4B4883-E93F-43D8-80C1-27704DE5176B}.Release|Any CPU.ActiveCfg = Release|Any CPU
		{1D4B4883-E93F-43D8-80C1-27704DE5176B}.Release|Any CPU.Build.0 = Release|Any CPU
		{548690B4-341E-43F8-B65B-E45D49F934AD}.Debug|Any CPU.ActiveCfg = Debug|Any CPU
		{548690B4-341E-43F8-B65B-E45D49F934AD}.Debug|Any CPU.Build.0 = Debug|Any CPU
		{548690B4-341E-43F8-B65B-E45D49F934AD}.Release|Any CPU.ActiveCfg = Release|Any CPU
		{548690B4-341E-43F8-B65B-E45D49F934AD}.Release|Any CPU.Build.0 = Release|Any CPU
	EndGlobalSection
	GlobalSection(SolutionProperties) = preSolution
		HideSolutionNode = FALSE
	EndGlobalSection
	GlobalSection(ExtensibilityGlobals) = postSolution
		SolutionGuid = {6E21218E-1CD8-446F-9A33-8CDCC17C4083}
	EndGlobalSection
EndGlobal
